
Microsoft Visual Studio Solution File, Format Version 12.00
# Visual Studio Version 17
VisualStudioVersion = 17.7.34024.191
MinimumVisualStudioVersion = 10.0.40219.1
Project("{9A19103F-16F7-4668-BE54-9A1E7A4F7556}") = "ShoeStore.Api", "ShoeStore\ShoeStore.Api.csproj", "{68FF4E2D-73F1-46B8-B0BD-F109B2E19E35}"
EndProject
Project("{9A19103F-16F7-4668-BE54-9A1E7A4F7556}") = "ShoeStore.Core", "ShoeStore.Core\ShoeStore.Core.csproj", "{EB82838F-5A8B-4E3C-AAE5-FAC609A28E0B}"
EndProject
Project("{FAE04EC0-301F-11D3-BF4B-00C04F79EFBC}") = "ShoeStore.Data", "ShoeStore.Data\ShoeStore.Data.csproj", "{B214B57B-9310-4F39-AD24-0D3FF1093BA9}"
EndProject
Project("{FAE04EC0-301F-11D3-BF4B-00C04F79EFBC}") = "ShoeStore.Service", "ShoeStore.Service\ShoeStore.Service.csproj", "{0AA8CFD3-E869-49D2-BEDF-E55807DB277E}"
EndProject
Global
	GlobalSection(SolutionConfigurationPlatforms) = preSolution
		Debug|Any CPU = Debug|Any CPU
		Release|Any CPU = Release|Any CPU
	EndGlobalSection
	GlobalSection(ProjectConfigurationPlatforms) = postSolution
		{68FF4E2D-73F1-46B8-B0BD-F109B2E19E35}.Debug|Any CPU.ActiveCfg = Debug|Any CPU
		{68FF4E2D-73F1-46B8-B0BD-F109B2E19E35}.Debug|Any CPU.Build.0 = Debug|Any CPU
		{68FF4E2D-73F1-46B8-B0BD-F109B2E19E35}.Release|Any CPU.ActiveCfg = Release|Any CPU
		{68FF4E2D-73F1-46B8-B0BD-F109B2E19E35}.Release|Any CPU.Build.0 = Release|Any CPU
		{EB82838F-5A8B-4E3C-AAE5-FAC609A28E0B}.Debug|Any CPU.ActiveCfg = Debug|Any CPU
		{EB82838F-5A8B-4E3C-AAE5-FAC609A28E0B}.Debug|Any CPU.Build.0 = Debug|Any CPU
		{EB82838F-5A8B-4E3C-AAE5-FAC609A28E0B}.Release|Any CPU.ActiveCfg = Release|Any CPU
		{EB82838F-5A8B-4E3C-AAE5-FAC609A28E0B}.Release|Any CPU.Build.0 = Release|Any CPU
		{B214B57B-9310-4F39-AD24-0D3FF1093BA9}.Debug|Any CPU.ActiveCfg = Debug|Any CPU
		{B214B57B-9310-4F39-AD24-0D3FF1093BA9}.Debug|Any CPU.Build.0 = Debug|Any CPU
		{B214B57B-9310-4F39-AD24-0D3FF1093BA9}.Release|Any CPU.ActiveCfg = Release|Any CPU
		{B214B57B-9310-4F39-AD24-0D3FF1093BA9}.Release|Any CPU.Build.0 = Release|Any CPU
		{0AA8CFD3-E869-49D2-BEDF-E55807DB277E}.Debug|Any CPU.ActiveCfg = Debug|Any CPU
		{0AA8CFD3-E869-49D2-BEDF-E55807DB277E}.Debug|Any CPU.Build.0 = Debug|Any CPU
		{0AA8CFD3-E869-49D2-BEDF-E55807DB277E}.Release|Any CPU.ActiveCfg = Release|Any CPU
		{0AA8CFD3-E869-49D2-BEDF-E55807DB277E}.Release|Any CPU.Build.0 = Release|Any CPU
	EndGlobalSection
	GlobalSection(SolutionProperties) = preSolution
		HideSolutionNode = FALSE
	EndGlobalSection
	GlobalSection(ExtensibilityGlobals) = postSolution
		SolutionGuid = {4F71FAA5-01CB-48B5-95B6-9157CEEBDB5F}
	EndGlobalSection
EndGlobal
